
Microsoft Visual Studio Solution File, Format Version 12.00
# Blend for Visual Studio Version 16
VisualStudioVersion = 16.0.31702.278
MinimumVisualStudioVersion = 10.0.40219.1
Project("{9A19103F-16F7-4668-BE54-9A1E7A4F7556}") = "BabbleTrainer", "BabbleTrainer.csproj", "{5C74E555-6AFB-44EE-9D66-A142F5E4DA73}"
EndProject
Global
	GlobalSection(SolutionConfigurationPlatforms) = preSolution
		Debug|Any CPU = Debug|Any CPU
		Release|Any CPU = Release|Any CPU
	EndGlobalSection
	GlobalSection(ProjectConfigurationPlatforms) = postSolution
		{5C74E555-6AFB-44EE-9D66-A142F5E4DA73}.Debug|Any CPU.ActiveCfg = Debug|Any CPU
		{5C74E555-6AFB-44EE-9D66-A142F5E4DA73}.Debug|Any CPU.Build.0 = Debug|Any CPU
		{5C74E555-6AFB-44EE-9D66-A142F5E4DA73}.Release|Any CPU.ActiveCfg = Release|Any CPU
		{5C74E555-6AFB-44EE-9D66-A142F5E4DA73}.Release|Any CPU.Build.0 = Release|Any CPU
	EndGlobalSection
	GlobalSection(SolutionProperties) = preSolution
		HideSolutionNode = FALSE
	EndGlobalSection
	GlobalSection(ExtensibilityGlobals) = postSolution
		SolutionGuid = {4122B950-705C-46AD-8B6A-9C4E6EFF65FE}
	EndGlobalSection
EndGlobal
